
Microsoft Visual Studio Solution File, Format Version 12.00
# Visual Studio Version 17
VisualStudioVersion = 17.3.32929.385
MinimumVisualStudioVersion = 10.0.40219.1
Project("{FAE04EC0-301F-11D3-BF4B-00C04F79EFBC}") = "eCommarceOnlineShop", "eCommarceOnlineShop\eCommarceOnlineShop.csproj", "{8009AEFB-C4E2-42DF-91B3-3BE789C44146}"
EndProject
Global
	GlobalSection(SolutionConfigurationPlatforms) = preSolution
		Debug|Any CPU = Debug|Any CPU
		Release|Any CPU = Release|Any CPU
	EndGlobalSection
	GlobalSection(ProjectConfigurationPlatforms) = postSolution
		{8009AEFB-C4E2-42DF-91B3-3BE789C44146}.Debug|Any CPU.ActiveCfg = Debug|Any CPU
		{8009AEFB-C4E2-42DF-91B3-3BE789C44146}.Debug|Any CPU.Build.0 = Debug|Any CPU
		{8009AEFB-C4E2-42DF-91B3-3BE789C44146}.Release|Any CPU.ActiveCfg = Release|Any CPU
		{8009AEFB-C4E2-42DF-91B3-3BE789C44146}.Release|Any CPU.Build.0 = Release|Any CPU
	EndGlobalSection
	GlobalSection(SolutionProperties) = preSolution
		HideSolutionNode = FALSE
	EndGlobalSection
	GlobalSection(ExtensibilityGlobals) = postSolution
		SolutionGuid = {2ADD1882-85F6-49DB-828B-75051C902752}
	EndGlobalSection
EndGlobal
